
Microsoft Visual Studio Solution File, Format Version 12.00
# Visual Studio Version 17
VisualStudioVersion = 17.0.31903.59
MinimumVisualStudioVersion = 10.0.40219.1
Project("{FAE04EC0-301F-11D3-BF4B-00C04F79EFBC}") = "01-ActionFilters", "01-ActionFilters\01-ActionFilters.csproj", "{7356747B-F898-409B-A6EF-70CBDE325B03}"
EndProject
Project("{FAE04EC0-301F-11D3-BF4B-00C04F79EFBC}") = "02-ResourceFilters", "02-ResourceFilters\02-ResourceFilters.csproj", "{7C48309C-577F-4911-A073-B8BE4BD142C0}"
EndProject
Project("{FAE04EC0-301F-11D3-BF4B-00C04F79EFBC}") = "Shared", "..\..\..\Shared\Shared.csproj", "{EE21A7A8-8515-4CBB-99EC-48585ED944AE}"
EndProject
Project("{FAE04EC0-301F-11D3-BF4B-00C04F79EFBC}") = "03-ResultFilters", "03-ResultFilters\03-ResultFilters.csproj", "{A176A8A0-7C1C-429D-A09C-E1B14F888D48}"
EndProject
Project("{FAE04EC0-301F-11D3-BF4B-00C04F79EFBC}") = "04-ExceptionFilters", "04-ExceptionFilters\04-ExceptionFilters.csproj", "{D05F32B9-03EA-4789-9368-2842E5F33239}"
EndProject
Project("{FAE04EC0-301F-11D3-BF4B-00C04F79EFBC}") = "05-EndpointFilters", "05-EndpointFilters\05-EndpointFilters.csproj", "{91330438-263A-461B-925F-C616F2D212E0}"
EndProject
Global
	GlobalSection(SolutionConfigurationPlatforms) = preSolution
		Debug|Any CPU = Debug|Any CPU
		Debug|x64 = Debug|x64
		Debug|x86 = Debug|x86
		Release|Any CPU = Release|Any CPU
		Release|x64 = Release|x64
		Release|x86 = Release|x86
	EndGlobalSection
	GlobalSection(ProjectConfigurationPlatforms) = postSolution
		{7356747B-F898-409B-A6EF-70CBDE325B03}.Debug|Any CPU.ActiveCfg = Debug|Any CPU
		{7356747B-F898-409B-A6EF-70CBDE325B03}.Debug|Any CPU.Build.0 = Debug|Any CPU
		{7356747B-F898-409B-A6EF-70CBDE325B03}.Debug|x64.ActiveCfg = Debug|Any CPU
		{7356747B-F898-409B-A6EF-70CBDE325B03}.Debug|x64.Build.0 = Debug|Any CPU
		{7356747B-F898-409B-A6EF-70CBDE325B03}.Debug|x86.ActiveCfg = Debug|Any CPU
		{7356747B-F898-409B-A6EF-70CBDE325B03}.Debug|x86.Build.0 = Debug|Any CPU
		{7356747B-F898-409B-A6EF-70CBDE325B03}.Release|Any CPU.ActiveCfg = Release|Any CPU
		{7356747B-F898-409B-A6EF-70CBDE325B03}.Release|Any CPU.Build.0 = Release|Any CPU
		{7356747B-F898-409B-A6EF-70CBDE325B03}.Release|x64.ActiveCfg = Release|Any CPU
		{7356747B-F898-409B-A6EF-70CBDE325B03}.Release|x64.Build.0 = Release|Any CPU
		{7356747B-F898-409B-A6EF-70CBDE325B03}.Release|x86.ActiveCfg = Release|Any CPU
		{7356747B-F898-409B-A6EF-70CBDE325B03}.Release|x86.Build.0 = Release|Any CPU
		{7C48309C-577F-4911-A073-B8BE4BD142C0}.Debug|Any CPU.ActiveCfg = Debug|Any CPU
		{7C48309C-577F-4911-A073-B8BE4BD142C0}.Debug|Any CPU.Build.0 = Debug|Any CPU
		{7C48309C-577F-4911-A073-B8BE4BD142C0}.Debug|x64.ActiveCfg = Debug|Any CPU
		{7C48309C-577F-4911-A073-B8BE4BD142C0}.Debug|x64.Build.0 = Debug|Any CPU
		{7C48309C-577F-4911-A073-B8BE4BD142C0}.Debug|x86.ActiveCfg = Debug|Any CPU
		{7C48309C-577F-4911-A073-B8BE4BD142C0}.Debug|x86.Build.0 = Debug|Any CPU
		{7C48309C-577F-4911-A073-B8BE4BD142C0}.Release|Any CPU.ActiveCfg = Release|Any CPU
		{7C48309C-577F-4911-A073-B8BE4BD142C0}.Release|Any CPU.Build.0 = Release|Any CPU
		{7C48309C-577F-4911-A073-B8BE4BD142C0}.Release|x64.ActiveCfg = Release|Any CPU
		{7C48309C-577F-4911-A073-B8BE4BD142C0}.Release|x64.Build.0 = Release|Any CPU
		{7C48309C-577F-4911-A073-B8BE4BD142C0}.Release|x86.ActiveCfg = Release|Any CPU
		{7C48309C-577F-4911-A073-B8BE4BD142C0}.Release|x86.Build.0 = Release|Any CPU
		{EE21A7A8-8515-4CBB-99EC-48585ED944AE}.Debug|Any CPU.ActiveCfg = Debug|Any CPU
		{EE21A7A8-8515-4CBB-99EC-48585ED944AE}.Debug|Any CPU.Build.0 = Debug|Any CPU
		{EE21A7A8-8515-4CBB-99EC-48585ED944AE}.Debug|x64.ActiveCfg = Debug|Any CPU
		{EE21A7A8-8515-4CBB-99EC-48585ED944AE}.Debug|x64.Build.0 = Debug|Any CPU
		{EE21A7A8-8515-4CBB-99EC-48585ED944AE}.Debug|x86.ActiveCfg = Debug|Any CPU
		{EE21A7A8-8515-4CBB-99EC-48585ED944AE}.Debug|x86.Build.0 = Debug|Any CPU
		{EE21A7A8-8515-4CBB-99EC-48585ED944AE}.Release|Any CPU.ActiveCfg = Release|Any CPU
		{EE21A7A8-8515-4CBB-99EC-48585ED944AE}.Release|Any CPU.Build.0 = Release|Any CPU
		{EE21A7A8-8515-4CBB-99EC-48585ED944AE}.Release|x64.ActiveCfg = Release|Any CPU
		{EE21A7A8-8515-4CBB-99EC-48585ED944AE}.Release|x64.Build.0 = Release|Any CPU
		{EE21A7A8-8515-4CBB-99EC-48585ED944AE}.Release|x86.ActiveCfg = Release|Any CPU
		{EE21A7A8-8515-4CBB-99EC-48585ED944AE}.Release|x86.Build.0 = Release|Any CPU
		{A176A8A0-7C1C-429D-A09C-E1B14F888D48}.Debug|Any CPU.ActiveCfg = Debug|Any CPU
		{A176A8A0-7C1C-429D-A09C-E1B14F888D48}.Debug|Any CPU.Build.0 = Debug|Any CPU
		{A176A8A0-7C1C-429D-A09C-E1B14F888D48}.Debug|x64.ActiveCfg = Debug|Any CPU
		{A176A8A0-7C1C-429D-A09C-E1B14F888D48}.Debug|x64.Build.0 = Debug|Any CPU
		{A176A8A0-7C1C-429D-A09C-E1B14F888D48}.Debug|x86.ActiveCfg = Debug|Any CPU
		{A176A8A0-7C1C-429D-A09C-E1B14F888D48}.Debug|x86.Build.0 = Debug|Any CPU
		{A176A8A0-7C1C-429D-A09C-E1B14F888D48}.Release|Any CPU.ActiveCfg = Release|Any CPU
		{A176A8A0-7C1C-429D-A09C-E1B14F888D48}.Release|Any CPU.Build.0 = Release|Any CPU
		{A176A8A0-7C1C-429D-A09C-E1B14F888D48}.Release|x64.ActiveCfg = Release|Any CPU
		{A176A8A0-7C1C-429D-A09C-E1B14F888D48}.Release|x64.Build.0 = Release|Any CPU
		{A176A8A0-7C1C-429D-A09C-E1B14F888D48}.Release|x86.ActiveCfg = Release|Any CPU
		{A176A8A0-7C1C-429D-A09C-E1B14F888D48}.Release|x86.Build.0 = Release|Any CPU
		{D05F32B9-03EA-4789-9368-2842E5F33239}.Debug|Any CPU.ActiveCfg = Debug|Any CPU
		{D05F32B9-03EA-4789-9368-2842E5F33239}.Debug|Any CPU.Build.0 = Debug|Any CPU
		{D05F32B9-03EA-4789-9368-2842E5F33239}.Debug|x64.ActiveCfg = Debug|Any CPU
		{D05F32B9-03EA-4789-9368-2842E5F33239}.Debug|x64.Build.0 = Debug|Any CPU
		{D05F32B9-03EA-4789-9368-2842E5F33239}.Debug|x86.ActiveCfg = Debug|Any CPU
		{D05F32B9-03EA-4789-9368-2842E5F33239}.Debug|x86.Build.0 = Debug|Any CPU
		{D05F32B9-03EA-4789-9368-2842E5F33239}.Release|Any CPU.ActiveCfg = Release|Any CPU
		{D05F32B9-03EA-4789-9368-2842E5F33239}.Release|Any CPU.Build.0 = Release|Any CPU
		{D05F32B9-03EA-4789-9368-2842E5F33239}.Release|x64.ActiveCfg = Release|Any CPU
		{D05F32B9-03EA-4789-9368-2842E5F33239}.Release|x64.Build.0 = Release|Any CPU
		{D05F32B9-03EA-4789-9368-2842E5F33239}.Release|x86.ActiveCfg = Release|Any CPU
		{D05F32B9-03EA-4789-9368-2842E5F33239}.Release|x86.Build.0 = Release|Any CPU
		{91330438-263A-461B-925F-C616F2D212E0}.Debug|Any CPU.ActiveCfg = Debug|Any CPU
		{91330438-263A-461B-925F-C616F2D212E0}.Debug|Any CPU.Build.0 = Debug|Any CPU
		{91330438-263A-461B-925F-C616F2D212E0}.Debug|x64.ActiveCfg = Debug|Any CPU
		{91330438-263A-461B-925F-C616F2D212E0}.Debug|x64.Build.0 = Debug|Any CPU
		{91330438-263A-461B-925F-C616F2D212E0}.Debug|x86.ActiveCfg = Debug|Any CPU
		{91330438-263A-461B-925F-C616F2D212E0}.Debug|x86.Build.0 = Debug|Any CPU
		{91330438-263A-461B-925F-C616F2D212E0}.Release|Any CPU.ActiveCfg = Release|Any CPU
		{91330438-263A-461B-925F-C616F2D212E0}.Release|Any CPU.Build.0 = Release|Any CPU
		{91330438-263A-461B-925F-C616F2D212E0}.Release|x64.ActiveCfg = Release|Any CPU
		{91330438-263A-461B-925F-C616F2D212E0}.Release|x64.Build.0 = Release|Any CPU
		{91330438-263A-461B-925F-C616F2D212E0}.Release|x86.ActiveCfg = Release|Any CPU
		{91330438-263A-461B-925F-C616F2D212E0}.Release|x86.Build.0 = Release|Any CPU
	EndGlobalSection
	GlobalSection(SolutionProperties) = preSolution
		HideSolutionNode = FALSE
	EndGlobalSection
EndGlobal
