
Microsoft Visual Studio Solution File, Format Version 12.00
# Visual Studio Version 17
VisualStudioVersion = 17.0.31903.59
MinimumVisualStudioVersion = 10.0.40219.1
Project("{FAE04EC0-301F-11D3-BF4B-00C04F79EFBC}") = "01-Problem", "01-Problem\01-Problem.csproj", "{0F5367A5-684A-4628-A7AC-DDD562097344}"
EndProject
Project("{FAE04EC0-301F-11D3-BF4B-00C04F79EFBC}") = "02-NotThreadSafe", "02-NotThreadSafe\02-NotThreadSafe.csproj", "{32CD0CBA-2A8B-4E0F-823B-E6E30E2FF637}"
EndProject
Project("{FAE04EC0-301F-11D3-BF4B-00C04F79EFBC}") = "03-ThreadSafeUsingLock", "03-ThreadSafeUsingLock\03-ThreadSafeUsingLock.csproj", "{EF1888B6-6782-4ABB-B073-97D74798909E}"
EndProject
Project("{FAE04EC0-301F-11D3-BF4B-00C04F79EFBC}") = "04-ThreadSafeUsingDoubleCheckedLock", "04-ThreadSafeUsingDoubleCheckedLock\04-ThreadSafeUsingDoubleCheckedLock.csproj", "{111516E6-D659-4FFD-A7B7-8F83E3A983E2}"
EndProject
Project("{FAE04EC0-301F-11D3-BF4B-00C04F79EFBC}") = "05-ThreadSafeUsingEagerLoading", "05-ThreadSafeUsingEagerLoading\05-ThreadSafeUsingEagerLoading.csproj", "{4C423A82-75C6-4FFE-A66E-95E37FEE88EA}"
EndProject
Project("{FAE04EC0-301F-11D3-BF4B-00C04F79EFBC}") = "06-ThreadSafeUsingLazyLoading", "06-ThreadSafeUsingLazyLoading\06-ThreadSafeUsingLazyLoading.csproj", "{1B35EC1E-DC29-496D-83D4-1001769EFC82}"
EndProject
Global
	GlobalSection(SolutionConfigurationPlatforms) = preSolution
		Debug|Any CPU = Debug|Any CPU
		Debug|x64 = Debug|x64
		Debug|x86 = Debug|x86
		Release|Any CPU = Release|Any CPU
		Release|x64 = Release|x64
		Release|x86 = Release|x86
	EndGlobalSection
	GlobalSection(ProjectConfigurationPlatforms) = postSolution
		{0F5367A5-684A-4628-A7AC-DDD562097344}.Debug|Any CPU.ActiveCfg = Debug|Any CPU
		{0F5367A5-684A-4628-A7AC-DDD562097344}.Debug|Any CPU.Build.0 = Debug|Any CPU
		{0F5367A5-684A-4628-A7AC-DDD562097344}.Debug|x64.ActiveCfg = Debug|Any CPU
		{0F5367A5-684A-4628-A7AC-DDD562097344}.Debug|x64.Build.0 = Debug|Any CPU
		{0F5367A5-684A-4628-A7AC-DDD562097344}.Debug|x86.ActiveCfg = Debug|Any CPU
		{0F5367A5-684A-4628-A7AC-DDD562097344}.Debug|x86.Build.0 = Debug|Any CPU
		{0F5367A5-684A-4628-A7AC-DDD562097344}.Release|Any CPU.ActiveCfg = Release|Any CPU
		{0F5367A5-684A-4628-A7AC-DDD562097344}.Release|Any CPU.Build.0 = Release|Any CPU
		{0F5367A5-684A-4628-A7AC-DDD562097344}.Release|x64.ActiveCfg = Release|Any CPU
		{0F5367A5-684A-4628-A7AC-DDD562097344}.Release|x64.Build.0 = Release|Any CPU
		{0F5367A5-684A-4628-A7AC-DDD562097344}.Release|x86.ActiveCfg = Release|Any CPU
		{0F5367A5-684A-4628-A7AC-DDD562097344}.Release|x86.Build.0 = Release|Any CPU
		{32CD0CBA-2A8B-4E0F-823B-E6E30E2FF637}.Debug|Any CPU.ActiveCfg = Debug|Any CPU
		{32CD0CBA-2A8B-4E0F-823B-E6E30E2FF637}.Debug|Any CPU.Build.0 = Debug|Any CPU
		{32CD0CBA-2A8B-4E0F-823B-E6E30E2FF637}.Debug|x64.ActiveCfg = Debug|Any CPU
		{32CD0CBA-2A8B-4E0F-823B-E6E30E2FF637}.Debug|x64.Build.0 = Debug|Any CPU
		{32CD0CBA-2A8B-4E0F-823B-E6E30E2FF637}.Debug|x86.ActiveCfg = Debug|Any CPU
		{32CD0CBA-2A8B-4E0F-823B-E6E30E2FF637}.Debug|x86.Build.0 = Debug|Any CPU
		{32CD0CBA-2A8B-4E0F-823B-E6E30E2FF637}.Release|Any CPU.ActiveCfg = Release|Any CPU
		{32CD0CBA-2A8B-4E0F-823B-E6E30E2FF637}.Release|Any CPU.Build.0 = Release|Any CPU
		{32CD0CBA-2A8B-4E0F-823B-E6E30E2FF637}.Release|x64.ActiveCfg = Release|Any CPU
		{32CD0CBA-2A8B-4E0F-823B-E6E30E2FF637}.Release|x64.Build.0 = Release|Any CPU
		{32CD0CBA-2A8B-4E0F-823B-E6E30E2FF637}.Release|x86.ActiveCfg = Release|Any CPU
		{32CD0CBA-2A8B-4E0F-823B-E6E30E2FF637}.Release|x86.Build.0 = Release|Any CPU
		{EF1888B6-6782-4ABB-B073-97D74798909E}.Debug|Any CPU.ActiveCfg = Debug|Any CPU
		{EF1888B6-6782-4ABB-B073-97D74798909E}.Debug|Any CPU.Build.0 = Debug|Any CPU
		{EF1888B6-6782-4ABB-B073-97D74798909E}.Debug|x64.ActiveCfg = Debug|Any CPU
		{EF1888B6-6782-4ABB-B073-97D74798909E}.Debug|x64.Build.0 = Debug|Any CPU
		{EF1888B6-6782-4ABB-B073-97D74798909E}.Debug|x86.ActiveCfg = Debug|Any CPU
		{EF1888B6-6782-4ABB-B073-97D74798909E}.Debug|x86.Build.0 = Debug|Any CPU
		{EF1888B6-6782-4ABB-B073-97D74798909E}.Release|Any CPU.ActiveCfg = Release|Any CPU
		{EF1888B6-6782-4ABB-B073-97D74798909E}.Release|Any CPU.Build.0 = Release|Any CPU
		{EF1888B6-6782-4ABB-B073-97D74798909E}.Release|x64.ActiveCfg = Release|Any CPU
		{EF1888B6-6782-4ABB-B073-97D74798909E}.Release|x64.Build.0 = Release|Any CPU
		{EF1888B6-6782-4ABB-B073-97D74798909E}.Release|x86.ActiveCfg = Release|Any CPU
		{EF1888B6-6782-4ABB-B073-97D74798909E}.Release|x86.Build.0 = Release|Any CPU
		{111516E6-D659-4FFD-A7B7-8F83E3A983E2}.Debug|Any CPU.ActiveCfg = Debug|Any CPU
		{111516E6-D659-4FFD-A7B7-8F83E3A983E2}.Debug|Any CPU.Build.0 = Debug|Any CPU
		{111516E6-D659-4FFD-A7B7-8F83E3A983E2}.Debug|x64.ActiveCfg = Debug|Any CPU
		{111516E6-D659-4FFD-A7B7-8F83E3A983E2}.Debug|x64.Build.0 = Debug|Any CPU
		{111516E6-D659-4FFD-A7B7-8F83E3A983E2}.Debug|x86.ActiveCfg = Debug|Any CPU
		{111516E6-D659-4FFD-A7B7-8F83E3A983E2}.Debug|x86.Build.0 = Debug|Any CPU
		{111516E6-D659-4FFD-A7B7-8F83E3A983E2}.Release|Any CPU.ActiveCfg = Release|Any CPU
		{111516E6-D659-4FFD-A7B7-8F83E3A983E2}.Release|Any CPU.Build.0 = Release|Any CPU
		{111516E6-D659-4FFD-A7B7-8F83E3A983E2}.Release|x64.ActiveCfg = Release|Any CPU
		{111516E6-D659-4FFD-A7B7-8F83E3A983E2}.Release|x64.Build.0 = Release|Any CPU
		{111516E6-D659-4FFD-A7B7-8F83E3A983E2}.Release|x86.ActiveCfg = Release|Any CPU
		{111516E6-D659-4FFD-A7B7-8F83E3A983E2}.Release|x86.Build.0 = Release|Any CPU
		{4C423A82-75C6-4FFE-A66E-95E37FEE88EA}.Debug|Any CPU.ActiveCfg = Debug|Any CPU
		{4C423A82-75C6-4FFE-A66E-95E37FEE88EA}.Debug|Any CPU.Build.0 = Debug|Any CPU
		{4C423A82-75C6-4FFE-A66E-95E37FEE88EA}.Debug|x64.ActiveCfg = Debug|Any CPU
		{4C423A82-75C6-4FFE-A66E-95E37FEE88EA}.Debug|x64.Build.0 = Debug|Any CPU
		{4C423A82-75C6-4FFE-A66E-95E37FEE88EA}.Debug|x86.ActiveCfg = Debug|Any CPU
		{4C423A82-75C6-4FFE-A66E-95E37FEE88EA}.Debug|x86.Build.0 = Debug|Any CPU
		{4C423A82-75C6-4FFE-A66E-95E37FEE88EA}.Release|Any CPU.ActiveCfg = Release|Any CPU
		{4C423A82-75C6-4FFE-A66E-95E37FEE88EA}.Release|Any CPU.Build.0 = Release|Any CPU
		{4C423A82-75C6-4FFE-A66E-95E37FEE88EA}.Release|x64.ActiveCfg = Release|Any CPU
		{4C423A82-75C6-4FFE-A66E-95E37FEE88EA}.Release|x64.Build.0 = Release|Any CPU
		{4C423A82-75C6-4FFE-A66E-95E37FEE88EA}.Release|x86.ActiveCfg = Release|Any CPU
		{4C423A82-75C6-4FFE-A66E-95E37FEE88EA}.Release|x86.Build.0 = Release|Any CPU
		{1B35EC1E-DC29-496D-83D4-1001769EFC82}.Debug|Any CPU.ActiveCfg = Debug|Any CPU
		{1B35EC1E-DC29-496D-83D4-1001769EFC82}.Debug|Any CPU.Build.0 = Debug|Any CPU
		{1B35EC1E-DC29-496D-83D4-1001769EFC82}.Debug|x64.ActiveCfg = Debug|Any CPU
		{1B35EC1E-DC29-496D-83D4-1001769EFC82}.Debug|x64.Build.0 = Debug|Any CPU
		{1B35EC1E-DC29-496D-83D4-1001769EFC82}.Debug|x86.ActiveCfg = Debug|Any CPU
		{1B35EC1E-DC29-496D-83D4-1001769EFC82}.Debug|x86.Build.0 = Debug|Any CPU
		{1B35EC1E-DC29-496D-83D4-1001769EFC82}.Release|Any CPU.ActiveCfg = Release|Any CPU
		{1B35EC1E-DC29-496D-83D4-1001769EFC82}.Release|Any CPU.Build.0 = Release|Any CPU
		{1B35EC1E-DC29-496D-83D4-1001769EFC82}.Release|x64.ActiveCfg = Release|Any CPU
		{1B35EC1E-DC29-496D-83D4-1001769EFC82}.Release|x64.Build.0 = Release|Any CPU
		{1B35EC1E-DC29-496D-83D4-1001769EFC82}.Release|x86.ActiveCfg = Release|Any CPU
		{1B35EC1E-DC29-496D-83D4-1001769EFC82}.Release|x86.Build.0 = Release|Any CPU
	EndGlobalSection
	GlobalSection(SolutionProperties) = preSolution
		HideSolutionNode = FALSE
	EndGlobalSection
EndGlobal
