
Microsoft Visual Studio Solution File, Format Version 12.00
# Visual Studio Version 17
VisualStudioVersion = 17.0.31903.59
MinimumVisualStudioVersion = 10.0.40219.1
Project("{FAE04EC0-301F-11D3-BF4B-00C04F79EFBC}") = "TodoApp.RazorPages", "TodoApp.RazorPages\TodoApp.RazorPages.csproj", "{04873942-80D7-4E38-AD9C-D66332A6FB8F}"
EndProject
Project("{FAE04EC0-301F-11D3-BF4B-00C04F79EFBC}") = "TodoApp.MVC", "TodoApp.MVC\TodoApp.MVC.csproj", "{1D55C2D1-9C69-4B0A-A4BC-C43330C93F99}"
EndProject
Project("{FAE04EC0-301F-11D3-BF4B-00C04F79EFBC}") = "TodoApp.Api", "TodoApp.Api\TodoApp.Api.csproj", "{48B52D8B-A211-4D72-B02B-C575FDAAFBA7}"
EndProject
Global
	GlobalSection(SolutionConfigurationPlatforms) = preSolution
		Debug|Any CPU = Debug|Any CPU
		Debug|x64 = Debug|x64
		Debug|x86 = Debug|x86
		Release|Any CPU = Release|Any CPU
		Release|x64 = Release|x64
		Release|x86 = Release|x86
	EndGlobalSection
	GlobalSection(ProjectConfigurationPlatforms) = postSolution
		{04873942-80D7-4E38-AD9C-D66332A6FB8F}.Debug|Any CPU.ActiveCfg = Debug|Any CPU
		{04873942-80D7-4E38-AD9C-D66332A6FB8F}.Debug|Any CPU.Build.0 = Debug|Any CPU
		{04873942-80D7-4E38-AD9C-D66332A6FB8F}.Debug|x64.ActiveCfg = Debug|Any CPU
		{04873942-80D7-4E38-AD9C-D66332A6FB8F}.Debug|x64.Build.0 = Debug|Any CPU
		{04873942-80D7-4E38-AD9C-D66332A6FB8F}.Debug|x86.ActiveCfg = Debug|Any CPU
		{04873942-80D7-4E38-AD9C-D66332A6FB8F}.Debug|x86.Build.0 = Debug|Any CPU
		{04873942-80D7-4E38-AD9C-D66332A6FB8F}.Release|Any CPU.ActiveCfg = Release|Any CPU
		{04873942-80D7-4E38-AD9C-D66332A6FB8F}.Release|Any CPU.Build.0 = Release|Any CPU
		{04873942-80D7-4E38-AD9C-D66332A6FB8F}.Release|x64.ActiveCfg = Release|Any CPU
		{04873942-80D7-4E38-AD9C-D66332A6FB8F}.Release|x64.Build.0 = Release|Any CPU
		{04873942-80D7-4E38-AD9C-D66332A6FB8F}.Release|x86.ActiveCfg = Release|Any CPU
		{04873942-80D7-4E38-AD9C-D66332A6FB8F}.Release|x86.Build.0 = Release|Any CPU
		{1D55C2D1-9C69-4B0A-A4BC-C43330C93F99}.Debug|Any CPU.ActiveCfg = Debug|Any CPU
		{1D55C2D1-9C69-4B0A-A4BC-C43330C93F99}.Debug|Any CPU.Build.0 = Debug|Any CPU
		{1D55C2D1-9C69-4B0A-A4BC-C43330C93F99}.Debug|x64.ActiveCfg = Debug|Any CPU
		{1D55C2D1-9C69-4B0A-A4BC-C43330C93F99}.Debug|x64.Build.0 = Debug|Any CPU
		{1D55C2D1-9C69-4B0A-A4BC-C43330C93F99}.Debug|x86.ActiveCfg = Debug|Any CPU
		{1D55C2D1-9C69-4B0A-A4BC-C43330C93F99}.Debug|x86.Build.0 = Debug|Any CPU
		{1D55C2D1-9C69-4B0A-A4BC-C43330C93F99}.Release|Any CPU.ActiveCfg = Release|Any CPU
		{1D55C2D1-9C69-4B0A-A4BC-C43330C93F99}.Release|Any CPU.Build.0 = Release|Any CPU
		{1D55C2D1-9C69-4B0A-A4BC-C43330C93F99}.Release|x64.ActiveCfg = Release|Any CPU
		{1D55C2D1-9C69-4B0A-A4BC-C43330C93F99}.Release|x64.Build.0 = Release|Any CPU
		{1D55C2D1-9C69-4B0A-A4BC-C43330C93F99}.Release|x86.ActiveCfg = Release|Any CPU
		{1D55C2D1-9C69-4B0A-A4BC-C43330C93F99}.Release|x86.Build.0 = Release|Any CPU
		{48B52D8B-A211-4D72-B02B-C575FDAAFBA7}.Debug|Any CPU.ActiveCfg = Debug|Any CPU
		{48B52D8B-A211-4D72-B02B-C575FDAAFBA7}.Debug|Any CPU.Build.0 = Debug|Any CPU
		{48B52D8B-A211-4D72-B02B-C575FDAAFBA7}.Debug|x64.ActiveCfg = Debug|Any CPU
		{48B52D8B-A211-4D72-B02B-C575FDAAFBA7}.Debug|x64.Build.0 = Debug|Any CPU
		{48B52D8B-A211-4D72-B02B-C575FDAAFBA7}.Debug|x86.ActiveCfg = Debug|Any CPU
		{48B52D8B-A211-4D72-B02B-C575FDAAFBA7}.Debug|x86.Build.0 = Debug|Any CPU
		{48B52D8B-A211-4D72-B02B-C575FDAAFBA7}.Release|Any CPU.ActiveCfg = Release|Any CPU
		{48B52D8B-A211-4D72-B02B-C575FDAAFBA7}.Release|Any CPU.Build.0 = Release|Any CPU
		{48B52D8B-A211-4D72-B02B-C575FDAAFBA7}.Release|x64.ActiveCfg = Release|Any CPU
		{48B52D8B-A211-4D72-B02B-C575FDAAFBA7}.Release|x64.Build.0 = Release|Any CPU
		{48B52D8B-A211-4D72-B02B-C575FDAAFBA7}.Release|x86.ActiveCfg = Release|Any CPU
		{48B52D8B-A211-4D72-B02B-C575FDAAFBA7}.Release|x86.Build.0 = Release|Any CPU
	EndGlobalSection
	GlobalSection(SolutionProperties) = preSolution
		HideSolutionNode = FALSE
	EndGlobalSection
EndGlobal
