
Microsoft Visual Studio Solution File, Format Version 12.00
# Visual Studio Version 17
VisualStudioVersion = 17.0.31903.59
MinimumVisualStudioVersion = 10.0.40219.1
Project("{FAE04EC0-301F-11D3-BF4B-00C04F79EFBC}") = "01-HttpVerbMethods", "01-HttpVerbMethods\01-HttpVerbMethods.csproj", "{5A565BC0-9F84-49D0-B4FD-7D3352F015E5}"
EndProject
Project("{FAE04EC0-301F-11D3-BF4B-00C04F79EFBC}") = "02-EndpointAnatomy", "02-EndpointAnatomy\02-EndpointAnatomy.csproj", "{10CDFB27-A6CC-4194-A400-19E2C2AD0CAE}"
EndProject
Project("{FAE04EC0-301F-11D3-BF4B-00C04F79EFBC}") = "03-APIResponseHandling", "03-APIResponseHandling\03-APIResponseHandling.csproj", "{C64FB02E-FBBC-4B0E-B385-ED6368B56A04}"
EndProject
Project("{FAE04EC0-301F-11D3-BF4B-00C04F79EFBC}") = "04-EndpointGrouping", "04-EndpointGrouping\04-EndpointGrouping.csproj", "{45125DE9-10DE-4BC3-972D-4CAA05A58BBE}"
EndProject
Global
	GlobalSection(SolutionConfigurationPlatforms) = preSolution
		Debug|Any CPU = Debug|Any CPU
		Debug|x64 = Debug|x64
		Debug|x86 = Debug|x86
		Release|Any CPU = Release|Any CPU
		Release|x64 = Release|x64
		Release|x86 = Release|x86
	EndGlobalSection
	GlobalSection(ProjectConfigurationPlatforms) = postSolution
		{5A565BC0-9F84-49D0-B4FD-7D3352F015E5}.Debug|Any CPU.ActiveCfg = Debug|Any CPU
		{5A565BC0-9F84-49D0-B4FD-7D3352F015E5}.Debug|Any CPU.Build.0 = Debug|Any CPU
		{5A565BC0-9F84-49D0-B4FD-7D3352F015E5}.Debug|x64.ActiveCfg = Debug|Any CPU
		{5A565BC0-9F84-49D0-B4FD-7D3352F015E5}.Debug|x64.Build.0 = Debug|Any CPU
		{5A565BC0-9F84-49D0-B4FD-7D3352F015E5}.Debug|x86.ActiveCfg = Debug|Any CPU
		{5A565BC0-9F84-49D0-B4FD-7D3352F015E5}.Debug|x86.Build.0 = Debug|Any CPU
		{5A565BC0-9F84-49D0-B4FD-7D3352F015E5}.Release|Any CPU.ActiveCfg = Release|Any CPU
		{5A565BC0-9F84-49D0-B4FD-7D3352F015E5}.Release|Any CPU.Build.0 = Release|Any CPU
		{5A565BC0-9F84-49D0-B4FD-7D3352F015E5}.Release|x64.ActiveCfg = Release|Any CPU
		{5A565BC0-9F84-49D0-B4FD-7D3352F015E5}.Release|x64.Build.0 = Release|Any CPU
		{5A565BC0-9F84-49D0-B4FD-7D3352F015E5}.Release|x86.ActiveCfg = Release|Any CPU
		{5A565BC0-9F84-49D0-B4FD-7D3352F015E5}.Release|x86.Build.0 = Release|Any CPU
		{10CDFB27-A6CC-4194-A400-19E2C2AD0CAE}.Debug|Any CPU.ActiveCfg = Debug|Any CPU
		{10CDFB27-A6CC-4194-A400-19E2C2AD0CAE}.Debug|Any CPU.Build.0 = Debug|Any CPU
		{10CDFB27-A6CC-4194-A400-19E2C2AD0CAE}.Debug|x64.ActiveCfg = Debug|Any CPU
		{10CDFB27-A6CC-4194-A400-19E2C2AD0CAE}.Debug|x64.Build.0 = Debug|Any CPU
		{10CDFB27-A6CC-4194-A400-19E2C2AD0CAE}.Debug|x86.ActiveCfg = Debug|Any CPU
		{10CDFB27-A6CC-4194-A400-19E2C2AD0CAE}.Debug|x86.Build.0 = Debug|Any CPU
		{10CDFB27-A6CC-4194-A400-19E2C2AD0CAE}.Release|Any CPU.ActiveCfg = Release|Any CPU
		{10CDFB27-A6CC-4194-A400-19E2C2AD0CAE}.Release|Any CPU.Build.0 = Release|Any CPU
		{10CDFB27-A6CC-4194-A400-19E2C2AD0CAE}.Release|x64.ActiveCfg = Release|Any CPU
		{10CDFB27-A6CC-4194-A400-19E2C2AD0CAE}.Release|x64.Build.0 = Release|Any CPU
		{10CDFB27-A6CC-4194-A400-19E2C2AD0CAE}.Release|x86.ActiveCfg = Release|Any CPU
		{10CDFB27-A6CC-4194-A400-19E2C2AD0CAE}.Release|x86.Build.0 = Release|Any CPU
		{C64FB02E-FBBC-4B0E-B385-ED6368B56A04}.Debug|Any CPU.ActiveCfg = Debug|Any CPU
		{C64FB02E-FBBC-4B0E-B385-ED6368B56A04}.Debug|Any CPU.Build.0 = Debug|Any CPU
		{C64FB02E-FBBC-4B0E-B385-ED6368B56A04}.Debug|x64.ActiveCfg = Debug|Any CPU
		{C64FB02E-FBBC-4B0E-B385-ED6368B56A04}.Debug|x64.Build.0 = Debug|Any CPU
		{C64FB02E-FBBC-4B0E-B385-ED6368B56A04}.Debug|x86.ActiveCfg = Debug|Any CPU
		{C64FB02E-FBBC-4B0E-B385-ED6368B56A04}.Debug|x86.Build.0 = Debug|Any CPU
		{C64FB02E-FBBC-4B0E-B385-ED6368B56A04}.Release|Any CPU.ActiveCfg = Release|Any CPU
		{C64FB02E-FBBC-4B0E-B385-ED6368B56A04}.Release|Any CPU.Build.0 = Release|Any CPU
		{C64FB02E-FBBC-4B0E-B385-ED6368B56A04}.Release|x64.ActiveCfg = Release|Any CPU
		{C64FB02E-FBBC-4B0E-B385-ED6368B56A04}.Release|x64.Build.0 = Release|Any CPU
		{C64FB02E-FBBC-4B0E-B385-ED6368B56A04}.Release|x86.ActiveCfg = Release|Any CPU
		{C64FB02E-FBBC-4B0E-B385-ED6368B56A04}.Release|x86.Build.0 = Release|Any CPU
		{45125DE9-10DE-4BC3-972D-4CAA05A58BBE}.Debug|Any CPU.ActiveCfg = Debug|Any CPU
		{45125DE9-10DE-4BC3-972D-4CAA05A58BBE}.Debug|Any CPU.Build.0 = Debug|Any CPU
		{45125DE9-10DE-4BC3-972D-4CAA05A58BBE}.Debug|x64.ActiveCfg = Debug|Any CPU
		{45125DE9-10DE-4BC3-972D-4CAA05A58BBE}.Debug|x64.Build.0 = Debug|Any CPU
		{45125DE9-10DE-4BC3-972D-4CAA05A58BBE}.Debug|x86.ActiveCfg = Debug|Any CPU
		{45125DE9-10DE-4BC3-972D-4CAA05A58BBE}.Debug|x86.Build.0 = Debug|Any CPU
		{45125DE9-10DE-4BC3-972D-4CAA05A58BBE}.Release|Any CPU.ActiveCfg = Release|Any CPU
		{45125DE9-10DE-4BC3-972D-4CAA05A58BBE}.Release|Any CPU.Build.0 = Release|Any CPU
		{45125DE9-10DE-4BC3-972D-4CAA05A58BBE}.Release|x64.ActiveCfg = Release|Any CPU
		{45125DE9-10DE-4BC3-972D-4CAA05A58BBE}.Release|x64.Build.0 = Release|Any CPU
		{45125DE9-10DE-4BC3-972D-4CAA05A58BBE}.Release|x86.ActiveCfg = Release|Any CPU
		{45125DE9-10DE-4BC3-972D-4CAA05A58BBE}.Release|x86.Build.0 = Release|Any CPU
	EndGlobalSection
	GlobalSection(SolutionProperties) = preSolution
		HideSolutionNode = FALSE
	EndGlobalSection
EndGlobal
