
Microsoft Visual Studio Solution File, Format Version 12.00
# Visual Studio Version 17
VisualStudioVersion = 17.0.31903.59
MinimumVisualStudioVersion = 10.0.40219.1
Project("{FAE04EC0-301F-11D3-BF4B-00C04F79EFBC}") = "01-CreateMiddleware", "01-CreateMiddleware\01-CreateMiddleware.csproj", "{46575B77-167F-48F6-A5FC-1321C19B2289}"
EndProject
Project("{FAE04EC0-301F-11D3-BF4B-00C04F79EFBC}") = "02-TerminalMiddleware", "02-TerminalMiddleware\02-TerminalMiddleware.csproj", "{D0EA1215-B88D-4610-9994-0C037470925F}"
EndProject
Project("{FAE04EC0-301F-11D3-BF4B-00C04F79EFBC}") = "03-NeverCallNextAfterResponse", "03-NeverCallNextAfterResponse\03-NeverCallNextAfterResponse.csproj", "{460C27DE-82FF-4659-80F1-FAA9923470D8}"
EndProject
Project("{FAE04EC0-301F-11D3-BF4B-00C04F79EFBC}") = "04-MiddlewareChaining", "04-MiddlewareChaining\04-MiddlewareChaining.csproj", "{888D0E88-3144-4002-967E-962B734B599C}"
EndProject
Global
	GlobalSection(SolutionConfigurationPlatforms) = preSolution
		Debug|Any CPU = Debug|Any CPU
		Debug|x64 = Debug|x64
		Debug|x86 = Debug|x86
		Release|Any CPU = Release|Any CPU
		Release|x64 = Release|x64
		Release|x86 = Release|x86
	EndGlobalSection
	GlobalSection(ProjectConfigurationPlatforms) = postSolution
		{46575B77-167F-48F6-A5FC-1321C19B2289}.Debug|Any CPU.ActiveCfg = Debug|Any CPU
		{46575B77-167F-48F6-A5FC-1321C19B2289}.Debug|Any CPU.Build.0 = Debug|Any CPU
		{46575B77-167F-48F6-A5FC-1321C19B2289}.Debug|x64.ActiveCfg = Debug|Any CPU
		{46575B77-167F-48F6-A5FC-1321C19B2289}.Debug|x64.Build.0 = Debug|Any CPU
		{46575B77-167F-48F6-A5FC-1321C19B2289}.Debug|x86.ActiveCfg = Debug|Any CPU
		{46575B77-167F-48F6-A5FC-1321C19B2289}.Debug|x86.Build.0 = Debug|Any CPU
		{46575B77-167F-48F6-A5FC-1321C19B2289}.Release|Any CPU.ActiveCfg = Release|Any CPU
		{46575B77-167F-48F6-A5FC-1321C19B2289}.Release|Any CPU.Build.0 = Release|Any CPU
		{46575B77-167F-48F6-A5FC-1321C19B2289}.Release|x64.ActiveCfg = Release|Any CPU
		{46575B77-167F-48F6-A5FC-1321C19B2289}.Release|x64.Build.0 = Release|Any CPU
		{46575B77-167F-48F6-A5FC-1321C19B2289}.Release|x86.ActiveCfg = Release|Any CPU
		{46575B77-167F-48F6-A5FC-1321C19B2289}.Release|x86.Build.0 = Release|Any CPU
		{D0EA1215-B88D-4610-9994-0C037470925F}.Debug|Any CPU.ActiveCfg = Debug|Any CPU
		{D0EA1215-B88D-4610-9994-0C037470925F}.Debug|Any CPU.Build.0 = Debug|Any CPU
		{D0EA1215-B88D-4610-9994-0C037470925F}.Debug|x64.ActiveCfg = Debug|Any CPU
		{D0EA1215-B88D-4610-9994-0C037470925F}.Debug|x64.Build.0 = Debug|Any CPU
		{D0EA1215-B88D-4610-9994-0C037470925F}.Debug|x86.ActiveCfg = Debug|Any CPU
		{D0EA1215-B88D-4610-9994-0C037470925F}.Debug|x86.Build.0 = Debug|Any CPU
		{D0EA1215-B88D-4610-9994-0C037470925F}.Release|Any CPU.ActiveCfg = Release|Any CPU
		{D0EA1215-B88D-4610-9994-0C037470925F}.Release|Any CPU.Build.0 = Release|Any CPU
		{D0EA1215-B88D-4610-9994-0C037470925F}.Release|x64.ActiveCfg = Release|Any CPU
		{D0EA1215-B88D-4610-9994-0C037470925F}.Release|x64.Build.0 = Release|Any CPU
		{D0EA1215-B88D-4610-9994-0C037470925F}.Release|x86.ActiveCfg = Release|Any CPU
		{D0EA1215-B88D-4610-9994-0C037470925F}.Release|x86.Build.0 = Release|Any CPU
		{460C27DE-82FF-4659-80F1-FAA9923470D8}.Debug|Any CPU.ActiveCfg = Debug|Any CPU
		{460C27DE-82FF-4659-80F1-FAA9923470D8}.Debug|Any CPU.Build.0 = Debug|Any CPU
		{460C27DE-82FF-4659-80F1-FAA9923470D8}.Debug|x64.ActiveCfg = Debug|Any CPU
		{460C27DE-82FF-4659-80F1-FAA9923470D8}.Debug|x64.Build.0 = Debug|Any CPU
		{460C27DE-82FF-4659-80F1-FAA9923470D8}.Debug|x86.ActiveCfg = Debug|Any CPU
		{460C27DE-82FF-4659-80F1-FAA9923470D8}.Debug|x86.Build.0 = Debug|Any CPU
		{460C27DE-82FF-4659-80F1-FAA9923470D8}.Release|Any CPU.ActiveCfg = Release|Any CPU
		{460C27DE-82FF-4659-80F1-FAA9923470D8}.Release|Any CPU.Build.0 = Release|Any CPU
		{460C27DE-82FF-4659-80F1-FAA9923470D8}.Release|x64.ActiveCfg = Release|Any CPU
		{460C27DE-82FF-4659-80F1-FAA9923470D8}.Release|x64.Build.0 = Release|Any CPU
		{460C27DE-82FF-4659-80F1-FAA9923470D8}.Release|x86.ActiveCfg = Release|Any CPU
		{460C27DE-82FF-4659-80F1-FAA9923470D8}.Release|x86.Build.0 = Release|Any CPU
		{888D0E88-3144-4002-967E-962B734B599C}.Debug|Any CPU.ActiveCfg = Debug|Any CPU
		{888D0E88-3144-4002-967E-962B734B599C}.Debug|Any CPU.Build.0 = Debug|Any CPU
		{888D0E88-3144-4002-967E-962B734B599C}.Debug|x64.ActiveCfg = Debug|Any CPU
		{888D0E88-3144-4002-967E-962B734B599C}.Debug|x64.Build.0 = Debug|Any CPU
		{888D0E88-3144-4002-967E-962B734B599C}.Debug|x86.ActiveCfg = Debug|Any CPU
		{888D0E88-3144-4002-967E-962B734B599C}.Debug|x86.Build.0 = Debug|Any CPU
		{888D0E88-3144-4002-967E-962B734B599C}.Release|Any CPU.ActiveCfg = Release|Any CPU
		{888D0E88-3144-4002-967E-962B734B599C}.Release|Any CPU.Build.0 = Release|Any CPU
		{888D0E88-3144-4002-967E-962B734B599C}.Release|x64.ActiveCfg = Release|Any CPU
		{888D0E88-3144-4002-967E-962B734B599C}.Release|x64.Build.0 = Release|Any CPU
		{888D0E88-3144-4002-967E-962B734B599C}.Release|x86.ActiveCfg = Release|Any CPU
		{888D0E88-3144-4002-967E-962B734B599C}.Release|x86.Build.0 = Release|Any CPU
	EndGlobalSection
	GlobalSection(SolutionProperties) = preSolution
		HideSolutionNode = FALSE
	EndGlobalSection
EndGlobal
