
Microsoft Visual Studio Solution File, Format Version 12.00
# Visual Studio Version 17
VisualStudioVersion = 17.5.2.0
MinimumVisualStudioVersion = 10.0.40219.1
Project("{FAE04EC0-301F-11D3-BF4B-00C04F79EFBC}") = "01-InMemoryCaching", "01-InMemoryCaching\01-InMemoryCaching.csproj", "{3AC91C36-5E8B-15D1-0336-69F568097CAB}"
EndProject
Project("{FAE04EC0-301F-11D3-BF4B-00C04F79EFBC}") = "02-DistributedCaching", "02-DistributedCaching\02-DistributedCaching.csproj", "{7B1F5AB8-DB1D-43B0-9C4C-4FFA68250AEE}"
EndProject
Project("{FAE04EC0-301F-11D3-BF4B-00C04F79EFBC}") = "03-HybridCaching", "03-HybridCaching\03-HybridCaching.csproj", "{6B77E8A1-7B29-4EC5-A617-A6DE2169F0EF}"
EndProject
Project("{FAE04EC0-301F-11D3-BF4B-00C04F79EFBC}") = "04-OutputCaching", "04-OutputCaching\04-OutputCaching.csproj", "{91FAD23F-0526-4C61-A640-23FAEF976BAC}"
EndProject
Project("{FAE04EC0-301F-11D3-BF4B-00C04F79EFBC}") = "05-ResposeCaching", "05-ResposeCaching\05-ResposeCaching.csproj", "{B34D3D95-F5EE-47CE-80B9-83B8B501865E}"
EndProject
Project("{FAE04EC0-301F-11D3-BF4B-00C04F79EFBC}") = "06-RateLimiting", "06-RateLimiting\06-RateLimiting.csproj", "{9216DFBD-CACB-4C94-BC01-B9211339BE2E}"
EndProject
Project("{FAE04EC0-301F-11D3-BF4B-00C04F79EFBC}") = "RateLimiterTest", "RateLimiterTest\RateLimiterTest.csproj", "{027C6364-D123-44B8-9ACC-D7347434F452}"
EndProject
Global
	GlobalSection(SolutionConfigurationPlatforms) = preSolution
		Debug|Any CPU = Debug|Any CPU
		Debug|x64 = Debug|x64
		Debug|x86 = Debug|x86
		Release|Any CPU = Release|Any CPU
		Release|x64 = Release|x64
		Release|x86 = Release|x86
	EndGlobalSection
	GlobalSection(ProjectConfigurationPlatforms) = postSolution
		{3AC91C36-5E8B-15D1-0336-69F568097CAB}.Debug|Any CPU.ActiveCfg = Debug|Any CPU
		{3AC91C36-5E8B-15D1-0336-69F568097CAB}.Debug|Any CPU.Build.0 = Debug|Any CPU
		{3AC91C36-5E8B-15D1-0336-69F568097CAB}.Debug|x64.ActiveCfg = Debug|Any CPU
		{3AC91C36-5E8B-15D1-0336-69F568097CAB}.Debug|x64.Build.0 = Debug|Any CPU
		{3AC91C36-5E8B-15D1-0336-69F568097CAB}.Debug|x86.ActiveCfg = Debug|Any CPU
		{3AC91C36-5E8B-15D1-0336-69F568097CAB}.Debug|x86.Build.0 = Debug|Any CPU
		{3AC91C36-5E8B-15D1-0336-69F568097CAB}.Release|Any CPU.ActiveCfg = Release|Any CPU
		{3AC91C36-5E8B-15D1-0336-69F568097CAB}.Release|Any CPU.Build.0 = Release|Any CPU
		{3AC91C36-5E8B-15D1-0336-69F568097CAB}.Release|x64.ActiveCfg = Release|Any CPU
		{3AC91C36-5E8B-15D1-0336-69F568097CAB}.Release|x64.Build.0 = Release|Any CPU
		{3AC91C36-5E8B-15D1-0336-69F568097CAB}.Release|x86.ActiveCfg = Release|Any CPU
		{3AC91C36-5E8B-15D1-0336-69F568097CAB}.Release|x86.Build.0 = Release|Any CPU
		{7B1F5AB8-DB1D-43B0-9C4C-4FFA68250AEE}.Debug|Any CPU.ActiveCfg = Debug|Any CPU
		{7B1F5AB8-DB1D-43B0-9C4C-4FFA68250AEE}.Debug|Any CPU.Build.0 = Debug|Any CPU
		{7B1F5AB8-DB1D-43B0-9C4C-4FFA68250AEE}.Debug|x64.ActiveCfg = Debug|Any CPU
		{7B1F5AB8-DB1D-43B0-9C4C-4FFA68250AEE}.Debug|x64.Build.0 = Debug|Any CPU
		{7B1F5AB8-DB1D-43B0-9C4C-4FFA68250AEE}.Debug|x86.ActiveCfg = Debug|Any CPU
		{7B1F5AB8-DB1D-43B0-9C4C-4FFA68250AEE}.Debug|x86.Build.0 = Debug|Any CPU
		{7B1F5AB8-DB1D-43B0-9C4C-4FFA68250AEE}.Release|Any CPU.ActiveCfg = Release|Any CPU
		{7B1F5AB8-DB1D-43B0-9C4C-4FFA68250AEE}.Release|Any CPU.Build.0 = Release|Any CPU
		{7B1F5AB8-DB1D-43B0-9C4C-4FFA68250AEE}.Release|x64.ActiveCfg = Release|Any CPU
		{7B1F5AB8-DB1D-43B0-9C4C-4FFA68250AEE}.Release|x64.Build.0 = Release|Any CPU
		{7B1F5AB8-DB1D-43B0-9C4C-4FFA68250AEE}.Release|x86.ActiveCfg = Release|Any CPU
		{7B1F5AB8-DB1D-43B0-9C4C-4FFA68250AEE}.Release|x86.Build.0 = Release|Any CPU
		{6B77E8A1-7B29-4EC5-A617-A6DE2169F0EF}.Debug|Any CPU.ActiveCfg = Debug|Any CPU
		{6B77E8A1-7B29-4EC5-A617-A6DE2169F0EF}.Debug|Any CPU.Build.0 = Debug|Any CPU
		{6B77E8A1-7B29-4EC5-A617-A6DE2169F0EF}.Debug|x64.ActiveCfg = Debug|Any CPU
		{6B77E8A1-7B29-4EC5-A617-A6DE2169F0EF}.Debug|x64.Build.0 = Debug|Any CPU
		{6B77E8A1-7B29-4EC5-A617-A6DE2169F0EF}.Debug|x86.ActiveCfg = Debug|Any CPU
		{6B77E8A1-7B29-4EC5-A617-A6DE2169F0EF}.Debug|x86.Build.0 = Debug|Any CPU
		{6B77E8A1-7B29-4EC5-A617-A6DE2169F0EF}.Release|Any CPU.ActiveCfg = Release|Any CPU
		{6B77E8A1-7B29-4EC5-A617-A6DE2169F0EF}.Release|Any CPU.Build.0 = Release|Any CPU
		{6B77E8A1-7B29-4EC5-A617-A6DE2169F0EF}.Release|x64.ActiveCfg = Release|Any CPU
		{6B77E8A1-7B29-4EC5-A617-A6DE2169F0EF}.Release|x64.Build.0 = Release|Any CPU
		{6B77E8A1-7B29-4EC5-A617-A6DE2169F0EF}.Release|x86.ActiveCfg = Release|Any CPU
		{6B77E8A1-7B29-4EC5-A617-A6DE2169F0EF}.Release|x86.Build.0 = Release|Any CPU
		{91FAD23F-0526-4C61-A640-23FAEF976BAC}.Debug|Any CPU.ActiveCfg = Debug|Any CPU
		{91FAD23F-0526-4C61-A640-23FAEF976BAC}.Debug|Any CPU.Build.0 = Debug|Any CPU
		{91FAD23F-0526-4C61-A640-23FAEF976BAC}.Debug|x64.ActiveCfg = Debug|Any CPU
		{91FAD23F-0526-4C61-A640-23FAEF976BAC}.Debug|x64.Build.0 = Debug|Any CPU
		{91FAD23F-0526-4C61-A640-23FAEF976BAC}.Debug|x86.ActiveCfg = Debug|Any CPU
		{91FAD23F-0526-4C61-A640-23FAEF976BAC}.Debug|x86.Build.0 = Debug|Any CPU
		{91FAD23F-0526-4C61-A640-23FAEF976BAC}.Release|Any CPU.ActiveCfg = Release|Any CPU
		{91FAD23F-0526-4C61-A640-23FAEF976BAC}.Release|Any CPU.Build.0 = Release|Any CPU
		{91FAD23F-0526-4C61-A640-23FAEF976BAC}.Release|x64.ActiveCfg = Release|Any CPU
		{91FAD23F-0526-4C61-A640-23FAEF976BAC}.Release|x64.Build.0 = Release|Any CPU
		{91FAD23F-0526-4C61-A640-23FAEF976BAC}.Release|x86.ActiveCfg = Release|Any CPU
		{91FAD23F-0526-4C61-A640-23FAEF976BAC}.Release|x86.Build.0 = Release|Any CPU
		{B34D3D95-F5EE-47CE-80B9-83B8B501865E}.Debug|Any CPU.ActiveCfg = Debug|Any CPU
		{B34D3D95-F5EE-47CE-80B9-83B8B501865E}.Debug|Any CPU.Build.0 = Debug|Any CPU
		{B34D3D95-F5EE-47CE-80B9-83B8B501865E}.Debug|x64.ActiveCfg = Debug|Any CPU
		{B34D3D95-F5EE-47CE-80B9-83B8B501865E}.Debug|x64.Build.0 = Debug|Any CPU
		{B34D3D95-F5EE-47CE-80B9-83B8B501865E}.Debug|x86.ActiveCfg = Debug|Any CPU
		{B34D3D95-F5EE-47CE-80B9-83B8B501865E}.Debug|x86.Build.0 = Debug|Any CPU
		{B34D3D95-F5EE-47CE-80B9-83B8B501865E}.Release|Any CPU.ActiveCfg = Release|Any CPU
		{B34D3D95-F5EE-47CE-80B9-83B8B501865E}.Release|Any CPU.Build.0 = Release|Any CPU
		{B34D3D95-F5EE-47CE-80B9-83B8B501865E}.Release|x64.ActiveCfg = Release|Any CPU
		{B34D3D95-F5EE-47CE-80B9-83B8B501865E}.Release|x64.Build.0 = Release|Any CPU
		{B34D3D95-F5EE-47CE-80B9-83B8B501865E}.Release|x86.ActiveCfg = Release|Any CPU
		{B34D3D95-F5EE-47CE-80B9-83B8B501865E}.Release|x86.Build.0 = Release|Any CPU
		{9216DFBD-CACB-4C94-BC01-B9211339BE2E}.Debug|Any CPU.ActiveCfg = Debug|Any CPU
		{9216DFBD-CACB-4C94-BC01-B9211339BE2E}.Debug|Any CPU.Build.0 = Debug|Any CPU
		{9216DFBD-CACB-4C94-BC01-B9211339BE2E}.Debug|x64.ActiveCfg = Debug|Any CPU
		{9216DFBD-CACB-4C94-BC01-B9211339BE2E}.Debug|x64.Build.0 = Debug|Any CPU
		{9216DFBD-CACB-4C94-BC01-B9211339BE2E}.Debug|x86.ActiveCfg = Debug|Any CPU
		{9216DFBD-CACB-4C94-BC01-B9211339BE2E}.Debug|x86.Build.0 = Debug|Any CPU
		{9216DFBD-CACB-4C94-BC01-B9211339BE2E}.Release|Any CPU.ActiveCfg = Release|Any CPU
		{9216DFBD-CACB-4C94-BC01-B9211339BE2E}.Release|Any CPU.Build.0 = Release|Any CPU
		{9216DFBD-CACB-4C94-BC01-B9211339BE2E}.Release|x64.ActiveCfg = Release|Any CPU
		{9216DFBD-CACB-4C94-BC01-B9211339BE2E}.Release|x64.Build.0 = Release|Any CPU
		{9216DFBD-CACB-4C94-BC01-B9211339BE2E}.Release|x86.ActiveCfg = Release|Any CPU
		{9216DFBD-CACB-4C94-BC01-B9211339BE2E}.Release|x86.Build.0 = Release|Any CPU
		{027C6364-D123-44B8-9ACC-D7347434F452}.Debug|Any CPU.ActiveCfg = Debug|Any CPU
		{027C6364-D123-44B8-9ACC-D7347434F452}.Debug|Any CPU.Build.0 = Debug|Any CPU
		{027C6364-D123-44B8-9ACC-D7347434F452}.Debug|x64.ActiveCfg = Debug|Any CPU
		{027C6364-D123-44B8-9ACC-D7347434F452}.Debug|x64.Build.0 = Debug|Any CPU
		{027C6364-D123-44B8-9ACC-D7347434F452}.Debug|x86.ActiveCfg = Debug|Any CPU
		{027C6364-D123-44B8-9ACC-D7347434F452}.Debug|x86.Build.0 = Debug|Any CPU
		{027C6364-D123-44B8-9ACC-D7347434F452}.Release|Any CPU.ActiveCfg = Release|Any CPU
		{027C6364-D123-44B8-9ACC-D7347434F452}.Release|Any CPU.Build.0 = Release|Any CPU
		{027C6364-D123-44B8-9ACC-D7347434F452}.Release|x64.ActiveCfg = Release|Any CPU
		{027C6364-D123-44B8-9ACC-D7347434F452}.Release|x64.Build.0 = Release|Any CPU
		{027C6364-D123-44B8-9ACC-D7347434F452}.Release|x86.ActiveCfg = Release|Any CPU
		{027C6364-D123-44B8-9ACC-D7347434F452}.Release|x86.Build.0 = Release|Any CPU
	EndGlobalSection
	GlobalSection(SolutionProperties) = preSolution
		HideSolutionNode = FALSE
	EndGlobalSection
	GlobalSection(ExtensibilityGlobals) = postSolution
		SolutionGuid = {6FC71851-B60F-41B6-B35F-06F7D3591906}
	EndGlobalSection
EndGlobal
