
Microsoft Visual Studio Solution File, Format Version 12.00
# Visual Studio Version 17
VisualStudioVersion = 17.5.2.0
MinimumVisualStudioVersion = 10.0.40219.1
Project("{FAE04EC0-301F-11D3-BF4B-00C04F79EFBC}") = "01-InMemoryCaching", "01-InMemoryCaching\01-InMemoryCaching.csproj", "{3AC91C36-5E8B-15D1-0336-69F568097CAB}"
EndProject
Project("{FAE04EC0-301F-11D3-BF4B-00C04F79EFBC}") = "02-DistributedCaching", "02-DistributedCaching\02-DistributedCaching.csproj", "{7B1F5AB8-DB1D-43B0-9C4C-4FFA68250AEE}"
EndProject
Project("{FAE04EC0-301F-11D3-BF4B-00C04F79EFBC}") = "03-HybridCaching", "03-HybridCaching\03-HybridCaching.csproj", "{6B77E8A1-7B29-4EC5-A617-A6DE2169F0EF}"
EndProject
Project("{FAE04EC0-301F-11D3-BF4B-00C04F79EFBC}") = "04-OutputCaching", "04-OutputCaching\04-OutputCaching.csproj", "{91FAD23F-0526-4C61-A640-23FAEF976BAC}"
EndProject
Global
	GlobalSection(SolutionConfigurationPlatforms) = preSolution
		Debug|Any CPU = Debug|Any CPU
		Debug|x64 = Debug|x64
		Debug|x86 = Debug|x86
		Release|Any CPU = Release|Any CPU
		Release|x64 = Release|x64
		Release|x86 = Release|x86
	EndGlobalSection
	GlobalSection(ProjectConfigurationPlatforms) = postSolution
		{3AC91C36-5E8B-15D1-0336-69F568097CAB}.Debug|Any CPU.ActiveCfg = Debug|Any CPU
		{3AC91C36-5E8B-15D1-0336-69F568097CAB}.Debug|Any CPU.Build.0 = Debug|Any CPU
		{3AC91C36-5E8B-15D1-0336-69F568097CAB}.Debug|x64.ActiveCfg = Debug|Any CPU
		{3AC91C36-5E8B-15D1-0336-69F568097CAB}.Debug|x64.Build.0 = Debug|Any CPU
		{3AC91C36-5E8B-15D1-0336-69F568097CAB}.Debug|x86.ActiveCfg = Debug|Any CPU
		{3AC91C36-5E8B-15D1-0336-69F568097CAB}.Debug|x86.Build.0 = Debug|Any CPU
		{3AC91C36-5E8B-15D1-0336-69F568097CAB}.Release|Any CPU.ActiveCfg = Release|Any CPU
		{3AC91C36-5E8B-15D1-0336-69F568097CAB}.Release|Any CPU.Build.0 = Release|Any CPU
		{3AC91C36-5E8B-15D1-0336-69F568097CAB}.Release|x64.ActiveCfg = Release|Any CPU
		{3AC91C36-5E8B-15D1-0336-69F568097CAB}.Release|x64.Build.0 = Release|Any CPU
		{3AC91C36-5E8B-15D1-0336-69F568097CAB}.Release|x86.ActiveCfg = Release|Any CPU
		{3AC91C36-5E8B-15D1-0336-69F568097CAB}.Release|x86.Build.0 = Release|Any CPU
		{7B1F5AB8-DB1D-43B0-9C4C-4FFA68250AEE}.Debug|Any CPU.ActiveCfg = Debug|Any CPU
		{7B1F5AB8-DB1D-43B0-9C4C-4FFA68250AEE}.Debug|Any CPU.Build.0 = Debug|Any CPU
		{7B1F5AB8-DB1D-43B0-9C4C-4FFA68250AEE}.Debug|x64.ActiveCfg = Debug|Any CPU
		{7B1F5AB8-DB1D-43B0-9C4C-4FFA68250AEE}.Debug|x64.Build.0 = Debug|Any CPU
		{7B1F5AB8-DB1D-43B0-9C4C-4FFA68250AEE}.Debug|x86.ActiveCfg = Debug|Any CPU
		{7B1F5AB8-DB1D-43B0-9C4C-4FFA68250AEE}.Debug|x86.Build.0 = Debug|Any CPU
		{7B1F5AB8-DB1D-43B0-9C4C-4FFA68250AEE}.Release|Any CPU.ActiveCfg = Release|Any CPU
		{7B1F5AB8-DB1D-43B0-9C4C-4FFA68250AEE}.Release|Any CPU.Build.0 = Release|Any CPU
		{7B1F5AB8-DB1D-43B0-9C4C-4FFA68250AEE}.Release|x64.ActiveCfg = Release|Any CPU
		{7B1F5AB8-DB1D-43B0-9C4C-4FFA68250AEE}.Release|x64.Build.0 = Release|Any CPU
		{7B1F5AB8-DB1D-43B0-9C4C-4FFA68250AEE}.Release|x86.ActiveCfg = Release|Any CPU
		{7B1F5AB8-DB1D-43B0-9C4C-4FFA68250AEE}.Release|x86.Build.0 = Release|Any CPU
		{6B77E8A1-7B29-4EC5-A617-A6DE2169F0EF}.Debug|Any CPU.ActiveCfg = Debug|Any CPU
		{6B77E8A1-7B29-4EC5-A617-A6DE2169F0EF}.Debug|Any CPU.Build.0 = Debug|Any CPU
		{6B77E8A1-7B29-4EC5-A617-A6DE2169F0EF}.Debug|x64.ActiveCfg = Debug|Any CPU
		{6B77E8A1-7B29-4EC5-A617-A6DE2169F0EF}.Debug|x64.Build.0 = Debug|Any CPU
		{6B77E8A1-7B29-4EC5-A617-A6DE2169F0EF}.Debug|x86.ActiveCfg = Debug|Any CPU
		{6B77E8A1-7B29-4EC5-A617-A6DE2169F0EF}.Debug|x86.Build.0 = Debug|Any CPU
		{6B77E8A1-7B29-4EC5-A617-A6DE2169F0EF}.Release|Any CPU.ActiveCfg = Release|Any CPU
		{6B77E8A1-7B29-4EC5-A617-A6DE2169F0EF}.Release|Any CPU.Build.0 = Release|Any CPU
		{6B77E8A1-7B29-4EC5-A617-A6DE2169F0EF}.Release|x64.ActiveCfg = Release|Any CPU
		{6B77E8A1-7B29-4EC5-A617-A6DE2169F0EF}.Release|x64.Build.0 = Release|Any CPU
		{6B77E8A1-7B29-4EC5-A617-A6DE2169F0EF}.Release|x86.ActiveCfg = Release|Any CPU
		{6B77E8A1-7B29-4EC5-A617-A6DE2169F0EF}.Release|x86.Build.0 = Release|Any CPU
		{91FAD23F-0526-4C61-A640-23FAEF976BAC}.Debug|Any CPU.ActiveCfg = Debug|Any CPU
		{91FAD23F-0526-4C61-A640-23FAEF976BAC}.Debug|Any CPU.Build.0 = Debug|Any CPU
		{91FAD23F-0526-4C61-A640-23FAEF976BAC}.Debug|x64.ActiveCfg = Debug|Any CPU
		{91FAD23F-0526-4C61-A640-23FAEF976BAC}.Debug|x64.Build.0 = Debug|Any CPU
		{91FAD23F-0526-4C61-A640-23FAEF976BAC}.Debug|x86.ActiveCfg = Debug|Any CPU
		{91FAD23F-0526-4C61-A640-23FAEF976BAC}.Debug|x86.Build.0 = Debug|Any CPU
		{91FAD23F-0526-4C61-A640-23FAEF976BAC}.Release|Any CPU.ActiveCfg = Release|Any CPU
		{91FAD23F-0526-4C61-A640-23FAEF976BAC}.Release|Any CPU.Build.0 = Release|Any CPU
		{91FAD23F-0526-4C61-A640-23FAEF976BAC}.Release|x64.ActiveCfg = Release|Any CPU
		{91FAD23F-0526-4C61-A640-23FAEF976BAC}.Release|x64.Build.0 = Release|Any CPU
		{91FAD23F-0526-4C61-A640-23FAEF976BAC}.Release|x86.ActiveCfg = Release|Any CPU
		{91FAD23F-0526-4C61-A640-23FAEF976BAC}.Release|x86.Build.0 = Release|Any CPU
	EndGlobalSection
	GlobalSection(SolutionProperties) = preSolution
		HideSolutionNode = FALSE
	EndGlobalSection
	GlobalSection(ExtensibilityGlobals) = postSolution
		SolutionGuid = {6FC71851-B60F-41B6-B35F-06F7D3591906}
	EndGlobalSection
EndGlobal
