
Microsoft Visual Studio Solution File, Format Version 12.00
# Visual Studio Version 17
VisualStudioVersion = 17.0.31903.59
MinimumVisualStudioVersion = 10.0.40219.1
Project("{FAE04EC0-301F-11D3-BF4B-00C04F79EFBC}") = "01-AuthenticationMinimumSetup", "01-AuthenticationMinimumSetup\01-AuthenticationMinimumSetup.csproj", "{A2693F97-876D-4DBC-A5B7-C8911602F5E6}"
EndProject
Project("{FAE04EC0-301F-11D3-BF4B-00C04F79EFBC}") = "02-AuthorizationMinimumSetup", "02-AuthorizationMinimumSetup\02-AuthorizationMinimumSetup.csproj", "{95CB7338-4984-477D-84C1-27214D3B566B}"
EndProject
Project("{FAE04EC0-301F-11D3-BF4B-00C04F79EFBC}") = "03-JWTAuthentication", "03-JWTAuthentication\03-JWTAuthentication.csproj", "{DC5ED5E7-15C6-408C-8B50-E17F952A8896}"
EndProject
Project("{FAE04EC0-301F-11D3-BF4B-00C04F79EFBC}") = "04-RefreshAccessToken", "04-RefreshAccessToken\04-RefreshAccessToken.csproj", "{364A833E-5CD0-4C90-A38D-795525066995}"
EndProject
Global
	GlobalSection(SolutionConfigurationPlatforms) = preSolution
		Debug|Any CPU = Debug|Any CPU
		Debug|x64 = Debug|x64
		Debug|x86 = Debug|x86
		Release|Any CPU = Release|Any CPU
		Release|x64 = Release|x64
		Release|x86 = Release|x86
	EndGlobalSection
	GlobalSection(ProjectConfigurationPlatforms) = postSolution
		{A2693F97-876D-4DBC-A5B7-C8911602F5E6}.Debug|Any CPU.ActiveCfg = Debug|Any CPU
		{A2693F97-876D-4DBC-A5B7-C8911602F5E6}.Debug|Any CPU.Build.0 = Debug|Any CPU
		{A2693F97-876D-4DBC-A5B7-C8911602F5E6}.Debug|x64.ActiveCfg = Debug|Any CPU
		{A2693F97-876D-4DBC-A5B7-C8911602F5E6}.Debug|x64.Build.0 = Debug|Any CPU
		{A2693F97-876D-4DBC-A5B7-C8911602F5E6}.Debug|x86.ActiveCfg = Debug|Any CPU
		{A2693F97-876D-4DBC-A5B7-C8911602F5E6}.Debug|x86.Build.0 = Debug|Any CPU
		{A2693F97-876D-4DBC-A5B7-C8911602F5E6}.Release|Any CPU.ActiveCfg = Release|Any CPU
		{A2693F97-876D-4DBC-A5B7-C8911602F5E6}.Release|Any CPU.Build.0 = Release|Any CPU
		{A2693F97-876D-4DBC-A5B7-C8911602F5E6}.Release|x64.ActiveCfg = Release|Any CPU
		{A2693F97-876D-4DBC-A5B7-C8911602F5E6}.Release|x64.Build.0 = Release|Any CPU
		{A2693F97-876D-4DBC-A5B7-C8911602F5E6}.Release|x86.ActiveCfg = Release|Any CPU
		{A2693F97-876D-4DBC-A5B7-C8911602F5E6}.Release|x86.Build.0 = Release|Any CPU
		{95CB7338-4984-477D-84C1-27214D3B566B}.Debug|Any CPU.ActiveCfg = Debug|Any CPU
		{95CB7338-4984-477D-84C1-27214D3B566B}.Debug|Any CPU.Build.0 = Debug|Any CPU
		{95CB7338-4984-477D-84C1-27214D3B566B}.Debug|x64.ActiveCfg = Debug|Any CPU
		{95CB7338-4984-477D-84C1-27214D3B566B}.Debug|x64.Build.0 = Debug|Any CPU
		{95CB7338-4984-477D-84C1-27214D3B566B}.Debug|x86.ActiveCfg = Debug|Any CPU
		{95CB7338-4984-477D-84C1-27214D3B566B}.Debug|x86.Build.0 = Debug|Any CPU
		{95CB7338-4984-477D-84C1-27214D3B566B}.Release|Any CPU.ActiveCfg = Release|Any CPU
		{95CB7338-4984-477D-84C1-27214D3B566B}.Release|Any CPU.Build.0 = Release|Any CPU
		{95CB7338-4984-477D-84C1-27214D3B566B}.Release|x64.ActiveCfg = Release|Any CPU
		{95CB7338-4984-477D-84C1-27214D3B566B}.Release|x64.Build.0 = Release|Any CPU
		{95CB7338-4984-477D-84C1-27214D3B566B}.Release|x86.ActiveCfg = Release|Any CPU
		{95CB7338-4984-477D-84C1-27214D3B566B}.Release|x86.Build.0 = Release|Any CPU
		{DC5ED5E7-15C6-408C-8B50-E17F952A8896}.Debug|Any CPU.ActiveCfg = Debug|Any CPU
		{DC5ED5E7-15C6-408C-8B50-E17F952A8896}.Debug|Any CPU.Build.0 = Debug|Any CPU
		{DC5ED5E7-15C6-408C-8B50-E17F952A8896}.Debug|x64.ActiveCfg = Debug|Any CPU
		{DC5ED5E7-15C6-408C-8B50-E17F952A8896}.Debug|x64.Build.0 = Debug|Any CPU
		{DC5ED5E7-15C6-408C-8B50-E17F952A8896}.Debug|x86.ActiveCfg = Debug|Any CPU
		{DC5ED5E7-15C6-408C-8B50-E17F952A8896}.Debug|x86.Build.0 = Debug|Any CPU
		{DC5ED5E7-15C6-408C-8B50-E17F952A8896}.Release|Any CPU.ActiveCfg = Release|Any CPU
		{DC5ED5E7-15C6-408C-8B50-E17F952A8896}.Release|Any CPU.Build.0 = Release|Any CPU
		{DC5ED5E7-15C6-408C-8B50-E17F952A8896}.Release|x64.ActiveCfg = Release|Any CPU
		{DC5ED5E7-15C6-408C-8B50-E17F952A8896}.Release|x64.Build.0 = Release|Any CPU
		{DC5ED5E7-15C6-408C-8B50-E17F952A8896}.Release|x86.ActiveCfg = Release|Any CPU
		{DC5ED5E7-15C6-408C-8B50-E17F952A8896}.Release|x86.Build.0 = Release|Any CPU
		{364A833E-5CD0-4C90-A38D-795525066995}.Debug|Any CPU.ActiveCfg = Debug|Any CPU
		{364A833E-5CD0-4C90-A38D-795525066995}.Debug|Any CPU.Build.0 = Debug|Any CPU
		{364A833E-5CD0-4C90-A38D-795525066995}.Debug|x64.ActiveCfg = Debug|Any CPU
		{364A833E-5CD0-4C90-A38D-795525066995}.Debug|x64.Build.0 = Debug|Any CPU
		{364A833E-5CD0-4C90-A38D-795525066995}.Debug|x86.ActiveCfg = Debug|Any CPU
		{364A833E-5CD0-4C90-A38D-795525066995}.Debug|x86.Build.0 = Debug|Any CPU
		{364A833E-5CD0-4C90-A38D-795525066995}.Release|Any CPU.ActiveCfg = Release|Any CPU
		{364A833E-5CD0-4C90-A38D-795525066995}.Release|Any CPU.Build.0 = Release|Any CPU
		{364A833E-5CD0-4C90-A38D-795525066995}.Release|x64.ActiveCfg = Release|Any CPU
		{364A833E-5CD0-4C90-A38D-795525066995}.Release|x64.Build.0 = Release|Any CPU
		{364A833E-5CD0-4C90-A38D-795525066995}.Release|x86.ActiveCfg = Release|Any CPU
		{364A833E-5CD0-4C90-A38D-795525066995}.Release|x86.Build.0 = Release|Any CPU
	EndGlobalSection
	GlobalSection(SolutionProperties) = preSolution
		HideSolutionNode = FALSE
	EndGlobalSection
EndGlobal
