
Microsoft Visual Studio Solution File, Format Version 12.00
# Visual Studio Version 17
VisualStudioVersion = 17.0.31903.59
MinimumVisualStudioVersion = 10.0.40219.1
Project("{FAE04EC0-301F-11D3-BF4B-00C04F79EFBC}") = "01-ControllerDataAnnotations", "01-ControllerDataAnnotations\01-ControllerDataAnnotations.csproj", "{2AE4564C-4FAF-473B-9729-AF35CFCF43FF}"
EndProject
Project("{FAE04EC0-301F-11D3-BF4B-00C04F79EFBC}") = "02-MinimalDataAnnotations", "02-MinimalDataAnnotations\02-MinimalDataAnnotations.csproj", "{9B396CA6-39AC-417C-871D-08F97210A169}"
EndProject
Project("{FAE04EC0-301F-11D3-BF4B-00C04F79EFBC}") = "03-ControllerFluentValidations", "03-ControllerFluentValidations\03-ControllerFluentValidations.csproj", "{B95C7FE6-D612-48EA-B5D0-962AF360E997}"
EndProject
Global
	GlobalSection(SolutionConfigurationPlatforms) = preSolution
		Debug|Any CPU = Debug|Any CPU
		Debug|x64 = Debug|x64
		Debug|x86 = Debug|x86
		Release|Any CPU = Release|Any CPU
		Release|x64 = Release|x64
		Release|x86 = Release|x86
	EndGlobalSection
	GlobalSection(ProjectConfigurationPlatforms) = postSolution
		{2AE4564C-4FAF-473B-9729-AF35CFCF43FF}.Debug|Any CPU.ActiveCfg = Debug|Any CPU
		{2AE4564C-4FAF-473B-9729-AF35CFCF43FF}.Debug|Any CPU.Build.0 = Debug|Any CPU
		{2AE4564C-4FAF-473B-9729-AF35CFCF43FF}.Debug|x64.ActiveCfg = Debug|Any CPU
		{2AE4564C-4FAF-473B-9729-AF35CFCF43FF}.Debug|x64.Build.0 = Debug|Any CPU
		{2AE4564C-4FAF-473B-9729-AF35CFCF43FF}.Debug|x86.ActiveCfg = Debug|Any CPU
		{2AE4564C-4FAF-473B-9729-AF35CFCF43FF}.Debug|x86.Build.0 = Debug|Any CPU
		{2AE4564C-4FAF-473B-9729-AF35CFCF43FF}.Release|Any CPU.ActiveCfg = Release|Any CPU
		{2AE4564C-4FAF-473B-9729-AF35CFCF43FF}.Release|Any CPU.Build.0 = Release|Any CPU
		{2AE4564C-4FAF-473B-9729-AF35CFCF43FF}.Release|x64.ActiveCfg = Release|Any CPU
		{2AE4564C-4FAF-473B-9729-AF35CFCF43FF}.Release|x64.Build.0 = Release|Any CPU
		{2AE4564C-4FAF-473B-9729-AF35CFCF43FF}.Release|x86.ActiveCfg = Release|Any CPU
		{2AE4564C-4FAF-473B-9729-AF35CFCF43FF}.Release|x86.Build.0 = Release|Any CPU
		{9B396CA6-39AC-417C-871D-08F97210A169}.Debug|Any CPU.ActiveCfg = Debug|Any CPU
		{9B396CA6-39AC-417C-871D-08F97210A169}.Debug|Any CPU.Build.0 = Debug|Any CPU
		{9B396CA6-39AC-417C-871D-08F97210A169}.Debug|x64.ActiveCfg = Debug|Any CPU
		{9B396CA6-39AC-417C-871D-08F97210A169}.Debug|x64.Build.0 = Debug|Any CPU
		{9B396CA6-39AC-417C-871D-08F97210A169}.Debug|x86.ActiveCfg = Debug|Any CPU
		{9B396CA6-39AC-417C-871D-08F97210A169}.Debug|x86.Build.0 = Debug|Any CPU
		{9B396CA6-39AC-417C-871D-08F97210A169}.Release|Any CPU.ActiveCfg = Release|Any CPU
		{9B396CA6-39AC-417C-871D-08F97210A169}.Release|Any CPU.Build.0 = Release|Any CPU
		{9B396CA6-39AC-417C-871D-08F97210A169}.Release|x64.ActiveCfg = Release|Any CPU
		{9B396CA6-39AC-417C-871D-08F97210A169}.Release|x64.Build.0 = Release|Any CPU
		{9B396CA6-39AC-417C-871D-08F97210A169}.Release|x86.ActiveCfg = Release|Any CPU
		{9B396CA6-39AC-417C-871D-08F97210A169}.Release|x86.Build.0 = Release|Any CPU
		{B95C7FE6-D612-48EA-B5D0-962AF360E997}.Debug|Any CPU.ActiveCfg = Debug|Any CPU
		{B95C7FE6-D612-48EA-B5D0-962AF360E997}.Debug|Any CPU.Build.0 = Debug|Any CPU
		{B95C7FE6-D612-48EA-B5D0-962AF360E997}.Debug|x64.ActiveCfg = Debug|Any CPU
		{B95C7FE6-D612-48EA-B5D0-962AF360E997}.Debug|x64.Build.0 = Debug|Any CPU
		{B95C7FE6-D612-48EA-B5D0-962AF360E997}.Debug|x86.ActiveCfg = Debug|Any CPU
		{B95C7FE6-D612-48EA-B5D0-962AF360E997}.Debug|x86.Build.0 = Debug|Any CPU
		{B95C7FE6-D612-48EA-B5D0-962AF360E997}.Release|Any CPU.ActiveCfg = Release|Any CPU
		{B95C7FE6-D612-48EA-B5D0-962AF360E997}.Release|Any CPU.Build.0 = Release|Any CPU
		{B95C7FE6-D612-48EA-B5D0-962AF360E997}.Release|x64.ActiveCfg = Release|Any CPU
		{B95C7FE6-D612-48EA-B5D0-962AF360E997}.Release|x64.Build.0 = Release|Any CPU
		{B95C7FE6-D612-48EA-B5D0-962AF360E997}.Release|x86.ActiveCfg = Release|Any CPU
		{B95C7FE6-D612-48EA-B5D0-962AF360E997}.Release|x86.Build.0 = Release|Any CPU
	EndGlobalSection
	GlobalSection(SolutionProperties) = preSolution
		HideSolutionNode = FALSE
	EndGlobalSection
EndGlobal
