
Microsoft Visual Studio Solution File, Format Version 12.00
# Visual Studio Version 17
VisualStudioVersion = 17.0.31903.59
MinimumVisualStudioVersion = 10.0.40219.1
Project("{FAE04EC0-301F-11D3-BF4B-00C04F79EFBC}") = "01-EFCoreCodeFirst", "01-EFCoreCodeFirst\01-EFCoreCodeFirst.csproj", "{596F6133-A0FA-42FA-A760-6E2A0D885DF9}"
EndProject
Project("{FAE04EC0-301F-11D3-BF4B-00C04F79EFBC}") = "02-Dapper", "02-Dapper\02-Dapper.csproj", "{267742D9-5D4C-4514-AF95-BFA1E10D2252}"
EndProject
Project("{FAE04EC0-301F-11D3-BF4B-00C04F79EFBC}") = "03-RepositoryPattern", "03-RepositoryPattern\03-RepositoryPattern.csproj", "{1D087643-5F6F-4258-BC8D-6EAFA1ADED83}"
EndProject
Global
	GlobalSection(SolutionConfigurationPlatforms) = preSolution
		Debug|Any CPU = Debug|Any CPU
		Debug|x64 = Debug|x64
		Debug|x86 = Debug|x86
		Release|Any CPU = Release|Any CPU
		Release|x64 = Release|x64
		Release|x86 = Release|x86
	EndGlobalSection
	GlobalSection(ProjectConfigurationPlatforms) = postSolution
		{596F6133-A0FA-42FA-A760-6E2A0D885DF9}.Debug|Any CPU.ActiveCfg = Debug|Any CPU
		{596F6133-A0FA-42FA-A760-6E2A0D885DF9}.Debug|Any CPU.Build.0 = Debug|Any CPU
		{596F6133-A0FA-42FA-A760-6E2A0D885DF9}.Debug|x64.ActiveCfg = Debug|Any CPU
		{596F6133-A0FA-42FA-A760-6E2A0D885DF9}.Debug|x64.Build.0 = Debug|Any CPU
		{596F6133-A0FA-42FA-A760-6E2A0D885DF9}.Debug|x86.ActiveCfg = Debug|Any CPU
		{596F6133-A0FA-42FA-A760-6E2A0D885DF9}.Debug|x86.Build.0 = Debug|Any CPU
		{596F6133-A0FA-42FA-A760-6E2A0D885DF9}.Release|Any CPU.ActiveCfg = Release|Any CPU
		{596F6133-A0FA-42FA-A760-6E2A0D885DF9}.Release|Any CPU.Build.0 = Release|Any CPU
		{596F6133-A0FA-42FA-A760-6E2A0D885DF9}.Release|x64.ActiveCfg = Release|Any CPU
		{596F6133-A0FA-42FA-A760-6E2A0D885DF9}.Release|x64.Build.0 = Release|Any CPU
		{596F6133-A0FA-42FA-A760-6E2A0D885DF9}.Release|x86.ActiveCfg = Release|Any CPU
		{596F6133-A0FA-42FA-A760-6E2A0D885DF9}.Release|x86.Build.0 = Release|Any CPU
		{267742D9-5D4C-4514-AF95-BFA1E10D2252}.Debug|Any CPU.ActiveCfg = Debug|Any CPU
		{267742D9-5D4C-4514-AF95-BFA1E10D2252}.Debug|Any CPU.Build.0 = Debug|Any CPU
		{267742D9-5D4C-4514-AF95-BFA1E10D2252}.Debug|x64.ActiveCfg = Debug|Any CPU
		{267742D9-5D4C-4514-AF95-BFA1E10D2252}.Debug|x64.Build.0 = Debug|Any CPU
		{267742D9-5D4C-4514-AF95-BFA1E10D2252}.Debug|x86.ActiveCfg = Debug|Any CPU
		{267742D9-5D4C-4514-AF95-BFA1E10D2252}.Debug|x86.Build.0 = Debug|Any CPU
		{267742D9-5D4C-4514-AF95-BFA1E10D2252}.Release|Any CPU.ActiveCfg = Release|Any CPU
		{267742D9-5D4C-4514-AF95-BFA1E10D2252}.Release|Any CPU.Build.0 = Release|Any CPU
		{267742D9-5D4C-4514-AF95-BFA1E10D2252}.Release|x64.ActiveCfg = Release|Any CPU
		{267742D9-5D4C-4514-AF95-BFA1E10D2252}.Release|x64.Build.0 = Release|Any CPU
		{267742D9-5D4C-4514-AF95-BFA1E10D2252}.Release|x86.ActiveCfg = Release|Any CPU
		{267742D9-5D4C-4514-AF95-BFA1E10D2252}.Release|x86.Build.0 = Release|Any CPU
		{1D087643-5F6F-4258-BC8D-6EAFA1ADED83}.Debug|Any CPU.ActiveCfg = Debug|Any CPU
		{1D087643-5F6F-4258-BC8D-6EAFA1ADED83}.Debug|Any CPU.Build.0 = Debug|Any CPU
		{1D087643-5F6F-4258-BC8D-6EAFA1ADED83}.Debug|x64.ActiveCfg = Debug|Any CPU
		{1D087643-5F6F-4258-BC8D-6EAFA1ADED83}.Debug|x64.Build.0 = Debug|Any CPU
		{1D087643-5F6F-4258-BC8D-6EAFA1ADED83}.Debug|x86.ActiveCfg = Debug|Any CPU
		{1D087643-5F6F-4258-BC8D-6EAFA1ADED83}.Debug|x86.Build.0 = Debug|Any CPU
		{1D087643-5F6F-4258-BC8D-6EAFA1ADED83}.Release|Any CPU.ActiveCfg = Release|Any CPU
		{1D087643-5F6F-4258-BC8D-6EAFA1ADED83}.Release|Any CPU.Build.0 = Release|Any CPU
		{1D087643-5F6F-4258-BC8D-6EAFA1ADED83}.Release|x64.ActiveCfg = Release|Any CPU
		{1D087643-5F6F-4258-BC8D-6EAFA1ADED83}.Release|x64.Build.0 = Release|Any CPU
		{1D087643-5F6F-4258-BC8D-6EAFA1ADED83}.Release|x86.ActiveCfg = Release|Any CPU
		{1D087643-5F6F-4258-BC8D-6EAFA1ADED83}.Release|x86.Build.0 = Release|Any CPU
	EndGlobalSection
	GlobalSection(SolutionProperties) = preSolution
		HideSolutionNode = FALSE
	EndGlobalSection
EndGlobal
