
Microsoft Visual Studio Solution File, Format Version 12.00
# Visual Studio Version 17
VisualStudioVersion = 17.0.31903.59
MinimumVisualStudioVersion = 10.0.40219.1
Project("{FAE04EC0-301F-11D3-BF4B-00C04F79EFBC}") = "01-RoutingBasics", "01-RoutingBasics\01-RoutingBasics.csproj", "{93702FCD-39DE-4875-8FC5-AED2DDE2D58D}"
EndProject
Project("{FAE04EC0-301F-11D3-BF4B-00C04F79EFBC}") = "02-RequestMatchAndExecute", "02-RequestMatchAndExecute\02-RequestMatchAndExecute.csproj", "{C2903A2B-B4D3-4063-A4C0-0330D41C4658}"
EndProject
Project("{FAE04EC0-301F-11D3-BF4B-00C04F79EFBC}") = "03-UseRoutingOrder", "03-UseRoutingOrder\03-UseRoutingOrder.csproj", "{F16F4CC4-206D-493A-A007-66EED7156B1F}"
EndProject
Project("{FAE04EC0-301F-11D3-BF4B-00C04F79EFBC}") = "04-RouteTemplates", "04-RouteTemplates\04-RouteTemplates.csproj", "{906634CF-AF1F-4395-BE97-5D36438E33E9}"
EndProject
Project("{FAE04EC0-301F-11D3-BF4B-00C04F79EFBC}") = "05-RouteConstraints", "05-RouteConstraints\05-RouteConstraints.csproj", "{ED2959D7-A685-46D3-8465-4B64137218E1}"
EndProject
Global
	GlobalSection(SolutionConfigurationPlatforms) = preSolution
		Debug|Any CPU = Debug|Any CPU
		Debug|x64 = Debug|x64
		Debug|x86 = Debug|x86
		Release|Any CPU = Release|Any CPU
		Release|x64 = Release|x64
		Release|x86 = Release|x86
	EndGlobalSection
	GlobalSection(ProjectConfigurationPlatforms) = postSolution
		{93702FCD-39DE-4875-8FC5-AED2DDE2D58D}.Debug|Any CPU.ActiveCfg = Debug|Any CPU
		{93702FCD-39DE-4875-8FC5-AED2DDE2D58D}.Debug|Any CPU.Build.0 = Debug|Any CPU
		{93702FCD-39DE-4875-8FC5-AED2DDE2D58D}.Debug|x64.ActiveCfg = Debug|Any CPU
		{93702FCD-39DE-4875-8FC5-AED2DDE2D58D}.Debug|x64.Build.0 = Debug|Any CPU
		{93702FCD-39DE-4875-8FC5-AED2DDE2D58D}.Debug|x86.ActiveCfg = Debug|Any CPU
		{93702FCD-39DE-4875-8FC5-AED2DDE2D58D}.Debug|x86.Build.0 = Debug|Any CPU
		{93702FCD-39DE-4875-8FC5-AED2DDE2D58D}.Release|Any CPU.ActiveCfg = Release|Any CPU
		{93702FCD-39DE-4875-8FC5-AED2DDE2D58D}.Release|Any CPU.Build.0 = Release|Any CPU
		{93702FCD-39DE-4875-8FC5-AED2DDE2D58D}.Release|x64.ActiveCfg = Release|Any CPU
		{93702FCD-39DE-4875-8FC5-AED2DDE2D58D}.Release|x64.Build.0 = Release|Any CPU
		{93702FCD-39DE-4875-8FC5-AED2DDE2D58D}.Release|x86.ActiveCfg = Release|Any CPU
		{93702FCD-39DE-4875-8FC5-AED2DDE2D58D}.Release|x86.Build.0 = Release|Any CPU
		{C2903A2B-B4D3-4063-A4C0-0330D41C4658}.Debug|Any CPU.ActiveCfg = Debug|Any CPU
		{C2903A2B-B4D3-4063-A4C0-0330D41C4658}.Debug|Any CPU.Build.0 = Debug|Any CPU
		{C2903A2B-B4D3-4063-A4C0-0330D41C4658}.Debug|x64.ActiveCfg = Debug|Any CPU
		{C2903A2B-B4D3-4063-A4C0-0330D41C4658}.Debug|x64.Build.0 = Debug|Any CPU
		{C2903A2B-B4D3-4063-A4C0-0330D41C4658}.Debug|x86.ActiveCfg = Debug|Any CPU
		{C2903A2B-B4D3-4063-A4C0-0330D41C4658}.Debug|x86.Build.0 = Debug|Any CPU
		{C2903A2B-B4D3-4063-A4C0-0330D41C4658}.Release|Any CPU.ActiveCfg = Release|Any CPU
		{C2903A2B-B4D3-4063-A4C0-0330D41C4658}.Release|Any CPU.Build.0 = Release|Any CPU
		{C2903A2B-B4D3-4063-A4C0-0330D41C4658}.Release|x64.ActiveCfg = Release|Any CPU
		{C2903A2B-B4D3-4063-A4C0-0330D41C4658}.Release|x64.Build.0 = Release|Any CPU
		{C2903A2B-B4D3-4063-A4C0-0330D41C4658}.Release|x86.ActiveCfg = Release|Any CPU
		{C2903A2B-B4D3-4063-A4C0-0330D41C4658}.Release|x86.Build.0 = Release|Any CPU
		{F16F4CC4-206D-493A-A007-66EED7156B1F}.Debug|Any CPU.ActiveCfg = Debug|Any CPU
		{F16F4CC4-206D-493A-A007-66EED7156B1F}.Debug|Any CPU.Build.0 = Debug|Any CPU
		{F16F4CC4-206D-493A-A007-66EED7156B1F}.Debug|x64.ActiveCfg = Debug|Any CPU
		{F16F4CC4-206D-493A-A007-66EED7156B1F}.Debug|x64.Build.0 = Debug|Any CPU
		{F16F4CC4-206D-493A-A007-66EED7156B1F}.Debug|x86.ActiveCfg = Debug|Any CPU
		{F16F4CC4-206D-493A-A007-66EED7156B1F}.Debug|x86.Build.0 = Debug|Any CPU
		{F16F4CC4-206D-493A-A007-66EED7156B1F}.Release|Any CPU.ActiveCfg = Release|Any CPU
		{F16F4CC4-206D-493A-A007-66EED7156B1F}.Release|Any CPU.Build.0 = Release|Any CPU
		{F16F4CC4-206D-493A-A007-66EED7156B1F}.Release|x64.ActiveCfg = Release|Any CPU
		{F16F4CC4-206D-493A-A007-66EED7156B1F}.Release|x64.Build.0 = Release|Any CPU
		{F16F4CC4-206D-493A-A007-66EED7156B1F}.Release|x86.ActiveCfg = Release|Any CPU
		{F16F4CC4-206D-493A-A007-66EED7156B1F}.Release|x86.Build.0 = Release|Any CPU
		{906634CF-AF1F-4395-BE97-5D36438E33E9}.Debug|Any CPU.ActiveCfg = Debug|Any CPU
		{906634CF-AF1F-4395-BE97-5D36438E33E9}.Debug|Any CPU.Build.0 = Debug|Any CPU
		{906634CF-AF1F-4395-BE97-5D36438E33E9}.Debug|x64.ActiveCfg = Debug|Any CPU
		{906634CF-AF1F-4395-BE97-5D36438E33E9}.Debug|x64.Build.0 = Debug|Any CPU
		{906634CF-AF1F-4395-BE97-5D36438E33E9}.Debug|x86.ActiveCfg = Debug|Any CPU
		{906634CF-AF1F-4395-BE97-5D36438E33E9}.Debug|x86.Build.0 = Debug|Any CPU
		{906634CF-AF1F-4395-BE97-5D36438E33E9}.Release|Any CPU.ActiveCfg = Release|Any CPU
		{906634CF-AF1F-4395-BE97-5D36438E33E9}.Release|Any CPU.Build.0 = Release|Any CPU
		{906634CF-AF1F-4395-BE97-5D36438E33E9}.Release|x64.ActiveCfg = Release|Any CPU
		{906634CF-AF1F-4395-BE97-5D36438E33E9}.Release|x64.Build.0 = Release|Any CPU
		{906634CF-AF1F-4395-BE97-5D36438E33E9}.Release|x86.ActiveCfg = Release|Any CPU
		{906634CF-AF1F-4395-BE97-5D36438E33E9}.Release|x86.Build.0 = Release|Any CPU
		{ED2959D7-A685-46D3-8465-4B64137218E1}.Debug|Any CPU.ActiveCfg = Debug|Any CPU
		{ED2959D7-A685-46D3-8465-4B64137218E1}.Debug|Any CPU.Build.0 = Debug|Any CPU
		{ED2959D7-A685-46D3-8465-4B64137218E1}.Debug|x64.ActiveCfg = Debug|Any CPU
		{ED2959D7-A685-46D3-8465-4B64137218E1}.Debug|x64.Build.0 = Debug|Any CPU
		{ED2959D7-A685-46D3-8465-4B64137218E1}.Debug|x86.ActiveCfg = Debug|Any CPU
		{ED2959D7-A685-46D3-8465-4B64137218E1}.Debug|x86.Build.0 = Debug|Any CPU
		{ED2959D7-A685-46D3-8465-4B64137218E1}.Release|Any CPU.ActiveCfg = Release|Any CPU
		{ED2959D7-A685-46D3-8465-4B64137218E1}.Release|Any CPU.Build.0 = Release|Any CPU
		{ED2959D7-A685-46D3-8465-4B64137218E1}.Release|x64.ActiveCfg = Release|Any CPU
		{ED2959D7-A685-46D3-8465-4B64137218E1}.Release|x64.Build.0 = Release|Any CPU
		{ED2959D7-A685-46D3-8465-4B64137218E1}.Release|x86.ActiveCfg = Release|Any CPU
		{ED2959D7-A685-46D3-8465-4B64137218E1}.Release|x86.Build.0 = Release|Any CPU
	EndGlobalSection
	GlobalSection(SolutionProperties) = preSolution
		HideSolutionNode = FALSE
	EndGlobalSection
EndGlobal
